
Microsoft Visual Studio Solution File, Format Version 12.00
# Visual Studio Version 16
VisualStudioVersion = 16.0.28803.352
MinimumVisualStudioVersion = 10.0.40219.1
Project("{FAE04EC0-301F-11D3-BF4B-00C04F79EFBC}") = "Othello", "Othello\Othello.csproj", "{8D8C65D2-AD65-473B-8DD9-8A866497EDE0}"
EndProject
Project("{FAE04EC0-301F-11D3-BF4B-00C04F79EFBC}") = "Othello.Tests", "Othello.Tests\Othello.Tests.csproj", "{14E42B3F-764A-45B8-AAE2-BD9B94890CAA}"
EndProject
Global
	GlobalSection(SolutionConfigurationPlatforms) = preSolution
		Debug|Any CPU = Debug|Any CPU
		Release|Any CPU = Release|Any CPU
	EndGlobalSection
	GlobalSection(ProjectConfigurationPlatforms) = postSolution
		{8D8C65D2-AD65-473B-8DD9-8A866497EDE0}.Debug|Any CPU.ActiveCfg = Debug|Any CPU
		{8D8C65D2-AD65-473B-8DD9-8A866497EDE0}.Debug|Any CPU.Build.0 = Debug|Any CPU
		{8D8C65D2-AD65-473B-8DD9-8A866497EDE0}.Release|Any CPU.ActiveCfg = Release|Any CPU
		{8D8C65D2-AD65-473B-8DD9-8A866497EDE0}.Release|Any CPU.Build.0 = Release|Any CPU
		{14E42B3F-764A-45B8-AAE2-BD9B94890CAA}.Debug|Any CPU.ActiveCfg = Debug|Any CPU
		{14E42B3F-764A-45B8-AAE2-BD9B94890CAA}.Debug|Any CPU.Build.0 = Debug|Any CPU
		{14E42B3F-764A-45B8-AAE2-BD9B94890CAA}.Release|Any CPU.ActiveCfg = Release|Any CPU
		{14E42B3F-764A-45B8-AAE2-BD9B94890CAA}.Release|Any CPU.Build.0 = Release|Any CPU
	EndGlobalSection
	GlobalSection(SolutionProperties) = preSolution
		HideSolutionNode = FALSE
	EndGlobalSection
	GlobalSection(ExtensibilityGlobals) = postSolution
		SolutionGuid = {EA7E9C52-48A1-4ED6-840E-C87E916D8BFF}
	EndGlobalSection
EndGlobal
