{
  "object": {
    "pins": [
      {
        "package": "ColorizeSwift",
        "repositoryURL": "https://github.com/mtynior/ColorizeSwift.git",
        "state": {
          "branch": null,
          "revision": "3ef411f8b2022a7666caf7488b364cc5598fb4df",
          "version": "1.5.0"
        }
      }
    ]
  },
  "version": 1
}
