{
  "pins" : [
    {
      "identity" : "colorizeswift",
      "kind" : "remoteSourceControl",
      "location" : "https://github.com/mtynior/ColorizeSwift.git",
      "state" : {
        "revision" : "2a354639173d021f4648cf1912b2b00a3a7cd83c",
        "version" : "1.6.0"
      }
    },
    {
      "identity" : "swift-argument-parser",
      "kind" : "remoteSourceControl",
      "location" : "https://github.com/apple/swift-argument-parser",
      "state" : {
        "revision" : "41982a3656a71c768319979febd796c6fd111d5c",
        "version" : "1.5.0"
      }
    },
    {
      "identity" : "swift-crypto",
      "kind" : "remoteSourceControl",
      "location" : "https://github.com/apple/swift-crypto.git",
      "state" : {
        "revision" : "8dafe0fdce623f65178689f2d6dea7304f7fbe75",
        "version" : "3.6.0"
      }
    }
  ],
  "version" : 2
}
