{
  "originHash" : "83cf2dad0ec1a70053f7603690c52ac5d55a60cbac33cae4fb7393a78fab1d01",
  "pins" : [
    {
      "identity" : "colorizeswift",
      "kind" : "remoteSourceControl",
      "location" : "https://github.com/mtynior/ColorizeSwift.git",
      "state" : {
        "revision" : "4e7daa138510b77a3cce9f6a31a116f8536347dd",
        "version" : "1.7.0"
      }
    },
    {
      "identity" : "swift-argument-parser",
      "kind" : "remoteSourceControl",
      "location" : "https://github.com/apple/swift-argument-parser",
      "state" : {
        "revision" : "6a52f3251125d74daf04fcbd5e6f08a75d074382",
        "version" : "1.8.2"
      }
    },
    {
      "identity" : "swift-asn1",
      "kind" : "remoteSourceControl",
      "location" : "https://github.com/apple/swift-asn1.git",
      "state" : {
        "revision" : "eb50cbd14606a9161cbc5d452f18797c90ef0bab",
        "version" : "1.7.0"
      }
    },
    {
      "identity" : "swift-crypto",
      "kind" : "remoteSourceControl",
      "location" : "https://github.com/apple/swift-crypto.git",
      "state" : {
        "revision" : "47d3869a7291f085c1fb9fb1e6d3b97a793f45c6",
        "version" : "4.5.1"
      }
    }
  ],
  "version" : 3
}
